
Microsoft Visual Studio Solution File, Format Version 12.00
# Visual Studio Version 17
VisualStudioVersion = 17.5.002.0
MinimumVisualStudioVersion = 10.0.40219.1
Project("{9A19103F-16F7-4668-BE54-9A1E7A4F7556}") = "Task2", "Task2.csproj", "{B46390E7-4EE0-4B45-8FED-7E83F22E623E}"
EndProject
Global
	GlobalSection(SolutionConfigurationPlatforms) = preSolution
		Debug|Any CPU = Debug|Any CPU
		Release|Any CPU = Release|Any CPU
	EndGlobalSection
	GlobalSection(ProjectConfigurationPlatforms) = postSolution
		{B46390E7-4EE0-4B45-8FED-7E83F22E623E}.Debug|Any CPU.ActiveCfg = Debug|Any CPU
		{B46390E7-4EE0-4B45-8FED-7E83F22E623E}.Debug|Any CPU.Build.0 = Debug|Any CPU
		{B46390E7-4EE0-4B45-8FED-7E83F22E623E}.Release|Any CPU.ActiveCfg = Release|Any CPU
		{B46390E7-4EE0-4B45-8FED-7E83F22E623E}.Release|Any CPU.Build.0 = Release|Any CPU
	EndGlobalSection
	GlobalSection(SolutionProperties) = preSolution
		HideSolutionNode = FALSE
	EndGlobalSection
	GlobalSection(ExtensibilityGlobals) = postSolution
		SolutionGuid = {3541651A-877B-41BF-8E0B-7930F9432B35}
	EndGlobalSection
EndGlobal
